
Microsoft Visual Studio Solution File, Format Version 12.00
# Visual Studio Version 16
VisualStudioVersion = 16.0.31112.23
MinimumVisualStudioVersion = 10.0.40219.1
Project("{FAE04EC0-301F-11D3-BF4B-00C04F79EFBC}") = "Chattest", "Chattest\Chattest.csproj", "{5A786274-A8C9-4401-AF63-EE7A5ACED71E}"
EndProject
Project("{FAE04EC0-301F-11D3-BF4B-00C04F79EFBC}") = "TelegramChatBot", "TelegramChatBot\TelegramChatBot.csproj", "{99B371DB-14AA-446C-942B-3C57C4495B57}"
EndProject
Global
	GlobalSection(SolutionConfigurationPlatforms) = preSolution
		Debug|Any CPU = Debug|Any CPU
		Release|Any CPU = Release|Any CPU
	EndGlobalSection
	GlobalSection(ProjectConfigurationPlatforms) = postSolution
		{5A786274-A8C9-4401-AF63-EE7A5ACED71E}.Debug|Any CPU.ActiveCfg = Debug|Any CPU
		{5A786274-A8C9-4401-AF63-EE7A5ACED71E}.Debug|Any CPU.Build.0 = Debug|Any CPU
		{5A786274-A8C9-4401-AF63-EE7A5ACED71E}.Release|Any CPU.ActiveCfg = Release|Any CPU
		{5A786274-A8C9-4401-AF63-EE7A5ACED71E}.Release|Any CPU.Build.0 = Release|Any CPU
		{99B371DB-14AA-446C-942B-3C57C4495B57}.Debug|Any CPU.ActiveCfg = Debug|Any CPU
		{99B371DB-14AA-446C-942B-3C57C4495B57}.Debug|Any CPU.Build.0 = Debug|Any CPU
		{99B371DB-14AA-446C-942B-3C57C4495B57}.Release|Any CPU.ActiveCfg = Release|Any CPU
		{99B371DB-14AA-446C-942B-3C57C4495B57}.Release|Any CPU.Build.0 = Release|Any CPU
	EndGlobalSection
	GlobalSection(SolutionProperties) = preSolution
		HideSolutionNode = FALSE
	EndGlobalSection
	GlobalSection(ExtensibilityGlobals) = postSolution
		SolutionGuid = {EE8EFEF2-F067-48E4-AE4A-708CADAE13EE}
	EndGlobalSection
EndGlobal
